// !$*UTF8*$!
{
	archiveVersion = 1;
	classes = {
	};
	objectVersion = 50;
	objects = {

/* Begin PBXBuildFile section */
		49DF9EBE2371DF530067E33C /* AppDelegate.swift in Sources */ = {isa = PBXBuildFile; fileRef = 49DF9EBD2371DF530067E33C /* AppDelegate.swift */; };
		49DF9EC02371DF530067E33C /* SceneDelegate.swift in Sources */ = {isa = PBXBuildFile; fileRef = 49DF9EBF2371DF530067E33C /* SceneDelegate.swift */; };
		49DF9EC22371DF530067E33C /* MainViewController.swift in Sources */ = {isa = PBXBuildFile; fileRef = 49DF9EC12371DF530067E33C /* MainViewController.swift */; };
		49DF9EC82371DF530067E33C /* Millionaire_Quiz.xcdatamodeld in Sources */ = {isa = PBXBuildFile; fileRef = 49DF9EC62371DF530067E33C /* Millionaire_Quiz.xcdatamodeld */; };
		49DF9ECA2371DF550067E33C /* Assets.xcassets in Resources */ = {isa = PBXBuildFile; fileRef = 49DF9EC92371DF550067E33C /* Assets.xcassets */; };
		49DF9ECD2371DF550067E33C /* LaunchScreen.storyboard in Resources */ = {isa = PBXBuildFile; fileRef = 49DF9ECB2371DF550067E33C /* LaunchScreen.storyboard */; };
		49DF9ED52371FD140067E33C /* CustomMainView.swift in Sources */ = {isa = PBXBuildFile; fileRef = 49DF9ED42371FD140067E33C /* CustomMainView.swift */; };
		49DF9ED7237205280067E33C /* LoadImageOperation.swift in Sources */ = {isa = PBXBuildFile; fileRef = 49DF9ED6237205280067E33C /* LoadImageOperation.swift */; };
		49DF9ED923734B710067E33C /* QuestionStruct.swift in Sources */ = {isa = PBXBuildFile; fileRef = 49DF9ED823734B710067E33C /* QuestionStruct.swift */; };
		49DF9EDB23734C310067E33C /* GameViewController.swift in Sources */ = {isa = PBXBuildFile; fileRef = 49DF9EDA23734C310067E33C /* GameViewController.swift */; };
		49DF9EDD23734C460067E33C /* CustomGameView.swift in Sources */ = {isa = PBXBuildFile; fileRef = 49DF9EDC23734C460067E33C /* CustomGameView.swift */; };
		49DF9EDF2373553C0067E33C /* RecordsViewController.swift in Sources */ = {isa = PBXBuildFile; fileRef = 49DF9EDE2373553C0067E33C /* RecordsViewController.swift */; };
		49DF9EE12373567C0067E33C /* CustomAnswerButton.swift in Sources */ = {isa = PBXBuildFile; fileRef = 49DF9EE02373567C0067E33C /* CustomAnswerButton.swift */; };
		49DF9EE323749BEC0067E33C /* Game.swift in Sources */ = {isa = PBXBuildFile; fileRef = 49DF9EE223749BEB0067E33C /* Game.swift */; };
		49DF9EE523749C010067E33C /* GameSession.swift in Sources */ = {isa = PBXBuildFile; fileRef = 49DF9EE423749C010067E33C /* GameSession.swift */; };
		49DF9EE72374A4530067E33C /* RecordsProvider.swift in Sources */ = {isa = PBXBuildFile; fileRef = 49DF9EE62374A4530067E33C /* RecordsProvider.swift */; };
		49E9E92D2379DD2800F91B64 /* SettingsViewController.swift in Sources */ = {isa = PBXBuildFile; fileRef = 49E9E92C2379DD2800F91B64 /* SettingsViewController.swift */; };
		49E9E92F2379DE0800F91B64 /* SettingsCustomView.swift in Sources */ = {isa = PBXBuildFile; fileRef = 49E9E92E2379DE0800F91B64 /* SettingsCustomView.swift */; };
		49E9E9322379E4AF00F91B64 /* CreateQuestionViewController.swift in Sources */ = {isa = PBXBuildFile; fileRef = 49E9E9312379E4AF00F91B64 /* CreateQuestionViewController.swift */; };
		49F953FE2378C550002A1AC8 /* Difficulty.swift in Sources */ = {isa = PBXBuildFile; fileRef = 49F953FD2378C550002A1AC8 /* Difficulty.swift */; };
		49F954012378C625002A1AC8 /* RandomQuestionStrategy.swift in Sources */ = {isa = PBXBuildFile; fileRef = 49F954002378C625002A1AC8 /* RandomQuestionStrategy.swift */; };
		49F954032378C941002A1AC8 /* StraightForwardQuestionStratery.swift in Sources */ = {isa = PBXBuildFile; fileRef = 49F954022378C941002A1AC8 /* StraightForwardQuestionStratery.swift */; };
		49F954052378CF4A002A1AC8 /* QuestionsData.swift in Sources */ = {isa = PBXBuildFile; fileRef = 49F954042378CF4A002A1AC8 /* QuestionsData.swift */; };
/* End PBXBuildFile section */

/* Begin PBXFileReference section */
		49DF9EBA2371DF530067E33C /* Millionaire-Quiz.app */ = {isa = PBXFileReference; explicitFileType = wrapper.application; includeInIndex = 0; path = "Millionaire-Quiz.app"; sourceTree = BUILT_PRODUCTS_DIR; };
		49DF9EBD2371DF530067E33C /* AppDelegate.swift */ = {isa = PBXFileReference; lastKnownFileType = sourcecode.swift; path = AppDelegate.swift; sourceTree = "<group>"; };
		49DF9EBF2371DF530067E33C /* SceneDelegate.swift */ = {isa = PBXFileReference; lastKnownFileType = sourcecode.swift; path = SceneDelegate.swift; sourceTree = "<group>"; };
		49DF9EC12371DF530067E33C /* MainViewController.swift */ = {isa = PBXFileReference; lastKnownFileType = sourcecode.swift; path = MainViewController.swift; sourceTree = "<group>"; };
		49DF9EC72371DF530067E33C /* Millionaire_Quiz.xcdatamodel */ = {isa = PBXFileReference; lastKnownFileType = wrapper.xcdatamodel; path = Millionaire_Quiz.xcdatamodel; sourceTree = "<group>"; };
		49DF9EC92371DF550067E33C /* Assets.xcassets */ = {isa = PBXFileReference; lastKnownFileType = folder.assetcatalog; path = Assets.xcassets; sourceTree = "<group>"; };
		49DF9ECC2371DF550067E33C /* Base */ = {isa = PBXFileReference; lastKnownFileType = file.storyboard; name = Base; path = Base.lproj/LaunchScreen.storyboard; sourceTree = "<group>"; };
		49DF9ECE2371DF550067E33C /* Info.plist */ = {isa = PBXFileReference; lastKnownFileType = text.plist.xml; path = Info.plist; sourceTree = "<group>"; };
		49DF9ED42371FD140067E33C /* CustomMainView.swift */ = {isa = PBXFileReference; lastKnownFileType = sourcecode.swift; path = CustomMainView.swift; sourceTree = "<group>"; };
		49DF9ED6237205280067E33C /* LoadImageOperation.swift */ = {isa = PBXFileReference; lastKnownFileType = sourcecode.swift; path = LoadImageOperation.swift; sourceTree = "<group>"; };
		49DF9ED823734B710067E33C /* QuestionStruct.swift */ = {isa = PBXFileReference; lastKnownFileType = sourcecode.swift; path = QuestionStruct.swift; sourceTree = "<group>"; };
		49DF9EDA23734C310067E33C /* GameViewController.swift */ = {isa = PBXFileReference; lastKnownFileType = sourcecode.swift; path = GameViewController.swift; sourceTree = "<group>"; };
		49DF9EDC23734C460067E33C /* CustomGameView.swift */ = {isa = PBXFileReference; lastKnownFileType = sourcecode.swift; path = CustomGameView.swift; sourceTree = "<group>"; };
		49DF9EDE2373553C0067E33C /* RecordsViewController.swift */ = {isa = PBXFileReference; lastKnownFileType = sourcecode.swift; path = RecordsViewController.swift; sourceTree = "<group>"; };
		49DF9EE02373567C0067E33C /* CustomAnswerButton.swift */ = {isa = PBXFileReference; lastKnownFileType = sourcecode.swift; path = CustomAnswerButton.swift; sourceTree = "<group>"; };
		49DF9EE223749BEB0067E33C /* Game.swift */ = {isa = PBXFileReference; lastKnownFileType = sourcecode.swift; path = Game.swift; sourceTree = "<group>"; };
		49DF9EE423749C010067E33C /* GameSession.swift */ = {isa = PBXFileReference; lastKnownFileType = sourcecode.swift; path = GameSession.swift; sourceTree = "<group>"; };
		49DF9EE62374A4530067E33C /* RecordsProvider.swift */ = {isa = PBXFileReference; lastKnownFileType = sourcecode.swift; path = RecordsProvider.swift; sourceTree = "<group>"; };
		49E9E92C2379DD2800F91B64 /* SettingsViewController.swift */ = {isa = PBXFileReference; lastKnownFileType = sourcecode.swift; path = SettingsViewController.swift; sourceTree = "<group>"; };
		49E9E92E2379DE0800F91B64 /* SettingsCustomView.swift */ = {isa = PBXFileReference; lastKnownFileType = sourcecode.swift; path = SettingsCustomView.swift; sourceTree = "<group>"; };
		49E9E9312379E4AF00F91B64 /* CreateQuestionViewController.swift */ = {isa = PBXFileReference; lastKnownFileType = sourcecode.swift; path = CreateQuestionViewController.swift; sourceTree = "<group>"; };
		49F953FD2378C550002A1AC8 /* Difficulty.swift */ = {isa = PBXFileReference; lastKnownFileType = sourcecode.swift; path = Difficulty.swift; sourceTree = "<group>"; };
		49F954002378C625002A1AC8 /* RandomQuestionStrategy.swift */ = {isa = PBXFileReference; lastKnownFileType = sourcecode.swift; path = RandomQuestionStrategy.swift; sourceTree = "<group>"; };
		49F954022378C941002A1AC8 /* StraightForwardQuestionStratery.swift */ = {isa = PBXFileReference; lastKnownFileType = sourcecode.swift; path = StraightForwardQuestionStratery.swift; sourceTree = "<group>"; };
		49F954042378CF4A002A1AC8 /* QuestionsData.swift */ = {isa = PBXFileReference; lastKnownFileType = sourcecode.swift; path = QuestionsData.swift; sourceTree = "<group>"; };
/* End PBXFileReference section */

/* Begin PBXFrameworksBuildPhase section */
		49DF9EB72371DF530067E33C /* Frameworks */ = {
			isa = PBXFrameworksBuildPhase;
			buildActionMask = 2147483647;
			files = (
			);
			runOnlyForDeploymentPostprocessing = 0;
		};
/* End PBXFrameworksBuildPhase section */

/* Begin PBXGroup section */
		490843E62378A8EF0017E4D3 /* ViewControllers */ = {
			isa = PBXGroup;
			children = (
				490843E72378A9030017E4D3 /* MainViewController */,
				490843E82378A9090017E4D3 /* GameViewController */,
				490843E92378A9130017E4D3 /* RecordsViewController */,
				49E9E9302379E44300F91B64 /* SettingsViewController */,
				49E9E9332379E4B300F91B64 /* CreateQuestionViewController */,
			);
			path = ViewControllers;
			sourceTree = "<group>";
		};
		490843E72378A9030017E4D3 /* MainViewController */ = {
			isa = PBXGroup;
			children = (
				49DF9EC12371DF530067E33C /* MainViewController.swift */,
				49DF9ED42371FD140067E33C /* CustomMainView.swift */,
				49F953FD2378C550002A1AC8 /* Difficulty.swift */,
			);
			path = MainViewController;
			sourceTree = "<group>";
		};
		490843E82378A9090017E4D3 /* GameViewController */ = {
			isa = PBXGroup;
			children = (
				49DF9EDA23734C310067E33C /* GameViewController.swift */,
				49DF9EDC23734C460067E33C /* CustomGameView.swift */,
			);
			path = GameViewController;
			sourceTree = "<group>";
		};
		490843E92378A9130017E4D3 /* RecordsViewController */ = {
			isa = PBXGroup;
			children = (
				49DF9EDE2373553C0067E33C /* RecordsViewController.swift */,
			);
			path = RecordsViewController;
			sourceTree = "<group>";
		};
		490843EA2378A9230017E4D3 /* Models */ = {
			isa = PBXGroup;
			children = (
				49DF9ED823734B710067E33C /* QuestionStruct.swift */,
				49DF9EE423749C010067E33C /* GameSession.swift */,
			);
			path = Models;
			sourceTree = "<group>";
		};
		490843EB2378A92B0017E4D3 /* CustomViews */ = {
			isa = PBXGroup;
			children = (
				49DF9EE02373567C0067E33C /* CustomAnswerButton.swift */,
			);
			path = CustomViews;
			sourceTree = "<group>";
		};
		490843EC2378A94D0017E4D3 /* DataProviders */ = {
			isa = PBXGroup;
			children = (
				49DF9ED6237205280067E33C /* LoadImageOperation.swift */,
				49DF9EE62374A4530067E33C /* RecordsProvider.swift */,
				49F954042378CF4A002A1AC8 /* QuestionsData.swift */,
			);
			path = DataProviders;
			sourceTree = "<group>";
		};
		49DF9EB12371DF530067E33C = {
			isa = PBXGroup;
			children = (
				49DF9EBC2371DF530067E33C /* Millionaire-Quiz */,
				49DF9EBB2371DF530067E33C /* Products */,
			);
			sourceTree = "<group>";
		};
		49DF9EBB2371DF530067E33C /* Products */ = {
			isa = PBXGroup;
			children = (
				49DF9EBA2371DF530067E33C /* Millionaire-Quiz.app */,
			);
			name = Products;
			sourceTree = "<group>";
		};
		49DF9EBC2371DF530067E33C /* Millionaire-Quiz */ = {
			isa = PBXGroup;
			children = (
				49DF9EBD2371DF530067E33C /* AppDelegate.swift */,
				49DF9EBF2371DF530067E33C /* SceneDelegate.swift */,
				49F953FF2378C5FC002A1AC8 /* Strategy */,
				490843E62378A8EF0017E4D3 /* ViewControllers */,
				490843EA2378A9230017E4D3 /* Models */,
				490843EB2378A92B0017E4D3 /* CustomViews */,
				490843EC2378A94D0017E4D3 /* DataProviders */,
				49DF9EE223749BEB0067E33C /* Game.swift */,
				49DF9EC92371DF550067E33C /* Assets.xcassets */,
				49DF9ECB2371DF550067E33C /* LaunchScreen.storyboard */,
				49DF9ECE2371DF550067E33C /* Info.plist */,
				49DF9EC62371DF530067E33C /* Millionaire_Quiz.xcdatamodeld */,
			);
			path = "Millionaire-Quiz";
			sourceTree = "<group>";
		};
		49E9E9302379E44300F91B64 /* SettingsViewController */ = {
			isa = PBXGroup;
			children = (
				49E9E92C2379DD2800F91B64 /* SettingsViewController.swift */,
				49E9E92E2379DE0800F91B64 /* SettingsCustomView.swift */,
			);
			path = SettingsViewController;
			sourceTree = "<group>";
		};
		49E9E9332379E4B300F91B64 /* CreateQuestionViewController */ = {
			isa = PBXGroup;
			children = (
				49E9E9312379E4AF00F91B64 /* CreateQuestionViewController.swift */,
			);
			path = CreateQuestionViewController;
			sourceTree = "<group>";
		};
		49F953FF2378C5FC002A1AC8 /* Strategy */ = {
			isa = PBXGroup;
			children = (
				49F954002378C625002A1AC8 /* RandomQuestionStrategy.swift */,
				49F954022378C941002A1AC8 /* StraightForwardQuestionStratery.swift */,
			);
			path = Strategy;
			sourceTree = "<group>";
		};
/* End PBXGroup section */

/* Begin PBXNativeTarget section */
		49DF9EB92371DF530067E33C /* Millionaire-Quiz */ = {
			isa = PBXNativeTarget;
			buildConfigurationList = 49DF9ED12371DF550067E33C /* Build configuration list for PBXNativeTarget "Millionaire-Quiz" */;
			buildPhases = (
				49DF9EB62371DF530067E33C /* Sources */,
				49DF9EB72371DF530067E33C /* Frameworks */,
				49DF9EB82371DF530067E33C /* Resources */,
			);
			buildRules = (
			);
			dependencies = (
			);
			name = "Millionaire-Quiz";
			productName = "Millionaire-Quiz";
			productReference = 49DF9EBA2371DF530067E33C /* Millionaire-Quiz.app */;
			productType = "com.apple.product-type.application";
		};
/* End PBXNativeTarget section */

/* Begin PBXProject section */
		49DF9EB22371DF530067E33C /* Project object */ = {
			isa = PBXProject;
			attributes = {
				LastSwiftUpdateCheck = 1110;
				LastUpgradeCheck = 1110;
				ORGANIZATIONNAME = Andrew;
				TargetAttributes = {
					49DF9EB92371DF530067E33C = {
						CreatedOnToolsVersion = 11.1;
					};
				};
			};
			buildConfigurationList = 49DF9EB52371DF530067E33C /* Build configuration list for PBXProject "Millionaire-Quiz" */;
			compatibilityVersion = "Xcode 9.3";
			developmentRegion = en;
			hasScannedForEncodings = 0;
			knownRegions = (
				en,
				Base,
			);
			mainGroup = 49DF9EB12371DF530067E33C;
			productRefGroup = 49DF9EBB2371DF530067E33C /* Products */;
			projectDirPath = "";
			projectRoot = "";
			targets = (
				49DF9EB92371DF530067E33C /* Millionaire-Quiz */,
			);
		};
/* End PBXProject section */

/* Begin PBXResourcesBuildPhase section */
		49DF9EB82371DF530067E33C /* Resources */ = {
			isa = PBXResourcesBuildPhase;
			buildActionMask = 2147483647;
			files = (
				49DF9ECD2371DF550067E33C /* LaunchScreen.storyboard in Resources */,
				49DF9ECA2371DF550067E33C /* Assets.xcassets in Resources */,
			);
			runOnlyForDeploymentPostprocessing = 0;
		};
/* End PBXResourcesBuildPhase section */

/* Begin PBXSourcesBuildPhase section */
		49DF9EB62371DF530067E33C /* Sources */ = {
			isa = PBXSourcesBuildPhase;
			buildActionMask = 2147483647;
			files = (
				49DF9ED923734B710067E33C /* QuestionStruct.swift in Sources */,
				49F954052378CF4A002A1AC8 /* QuestionsData.swift in Sources */,
				49E9E92F2379DE0800F91B64 /* SettingsCustomView.swift in Sources */,
				49DF9EDD23734C460067E33C /* CustomGameView.swift in Sources */,
				49F953FE2378C550002A1AC8 /* Difficulty.swift in Sources */,
				49DF9ED52371FD140067E33C /* CustomMainView.swift in Sources */,
				49E9E92D2379DD2800F91B64 /* SettingsViewController.swift in Sources */,
				49DF9EC22371DF530067E33C /* MainViewController.swift in Sources */,
				49DF9EBE2371DF530067E33C /* AppDelegate.swift in Sources */,
				49DF9EDB23734C310067E33C /* GameViewController.swift in Sources */,
				49E9E9322379E4AF00F91B64 /* CreateQuestionViewController.swift in Sources */,
				49DF9ED7237205280067E33C /* LoadImageOperation.swift in Sources */,
				49F954012378C625002A1AC8 /* RandomQuestionStrategy.swift in Sources */,
				49DF9EE523749C010067E33C /* GameSession.swift in Sources */,
				49DF9EE323749BEC0067E33C /* Game.swift in Sources */,
				49DF9EC82371DF530067E33C /* Millionaire_Quiz.xcdatamodeld in Sources */,
				49DF9EC02371DF530067E33C /* SceneDelegate.swift in Sources */,
				49DF9EDF2373553C0067E33C /* RecordsViewController.swift in Sources */,
				49DF9EE12373567C0067E33C /* CustomAnswerButton.swift in Sources */,
				49F954032378C941002A1AC8 /* StraightForwardQuestionStratery.swift in Sources */,
				49DF9EE72374A4530067E33C /* RecordsProvider.swift in Sources */,
			);
			runOnlyForDeploymentPostprocessing = 0;
		};
/* End PBXSourcesBuildPhase section */

/* Begin PBXVariantGroup section */
		49DF9ECB2371DF550067E33C /* LaunchScreen.storyboard */ = {
			isa = PBXVariantGroup;
			children = (
				49DF9ECC2371DF550067E33C /* Base */,
			);
			name = LaunchScreen.storyboard;
			sourceTree = "<group>";
		};
/* End PBXVariantGroup section */

/* Begin XCBuildConfiguration section */
		49DF9ECF2371DF550067E33C /* Debug */ = {
			isa = XCBuildConfiguration;
			buildSettings = {
				ALWAYS_SEARCH_USER_PATHS = NO;
				CLANG_ANALYZER_NONNULL = YES;
				CLANG_ANALYZER_NUMBER_OBJECT_CONVERSION = YES_AGGRESSIVE;
				CLANG_CXX_LANGUAGE_STANDARD = "gnu++14";
				CLANG_CXX_LIBRARY = "libc++";
				CLANG_ENABLE_MODULES = YES;
				CLANG_ENABLE_OBJC_ARC = YES;
				CLANG_ENABLE_OBJC_WEAK = YES;
				CLANG_WARN_BLOCK_CAPTURE_AUTORELEASING = YES;
				CLANG_WARN_BOOL_CONVERSION = YES;
				CLANG_WARN_COMMA = YES;
				CLANG_WARN_CONSTANT_CONVERSION = YES;
				CLANG_WARN_DEPRECATED_OBJC_IMPLEMENTATIONS = YES;
				CLANG_WARN_DIRECT_OBJC_ISA_USAGE = YES_ERROR;
				CLANG_WARN_DOCUMENTATION_COMMENTS = YES;
				CLANG_WARN_EMPTY_BODY = YES;
				CLANG_WARN_ENUM_CONVERSION = YES;
				CLANG_WARN_INFINITE_RECURSION = YES;
				CLANG_WARN_INT_CONVERSION = YES;
				CLANG_WARN_NON_LITERAL_NULL_CONVERSION = YES;
				CLANG_WARN_OBJC_IMPLICIT_RETAIN_SELF = YES;
				CLANG_WARN_OBJC_LITERAL_CONVERSION = YES;
				CLANG_WARN_OBJC_ROOT_CLASS = YES_ERROR;
				CLANG_WARN_RANGE_LOOP_ANALYSIS = YES;
				CLANG_WARN_STRICT_PROTOTYPES = YES;
				CLANG_WARN_SUSPICIOUS_MOVE = YES;
				CLANG_WARN_UNGUARDED_AVAILABILITY = YES_AGGRESSIVE;
				CLANG_WARN_UNREACHABLE_CODE = YES;
				CLANG_WARN__DUPLICATE_METHOD_MATCH = YES;
				COPY_PHASE_STRIP = NO;
				DEBUG_INFORMATION_FORMAT = dwarf;
				ENABLE_STRICT_OBJC_MSGSEND = YES;
				ENABLE_TESTABILITY = YES;
				GCC_C_LANGUAGE_STANDARD = gnu11;
				GCC_DYNAMIC_NO_PIC = NO;
				GCC_NO_COMMON_BLOCKS = YES;
				GCC_OPTIMIZATION_LEVEL = 0;
				GCC_PREPROCESSOR_DEFINITIONS = (
					"DEBUG=1",
					"$(inherited)",
				);
				GCC_WARN_64_TO_32_BIT_CONVERSION = YES;
				GCC_WARN_ABOUT_RETURN_TYPE = YES_ERROR;
				GCC_WARN_UNDECLARED_SELECTOR = YES;
				GCC_WARN_UNINITIALIZED_AUTOS = YES_AGGRESSIVE;
				GCC_WARN_UNUSED_FUNCTION = YES;
				GCC_WARN_UNUSED_VARIABLE = YES;
				IPHONEOS_DEPLOYMENT_TARGET = 13.1;
				MTL_ENABLE_DEBUG_INFO = INCLUDE_SOURCE;
				MTL_FAST_MATH = YES;
				ONLY_ACTIVE_ARCH = YES;
				SDKROOT = iphoneos;
				SWIFT_ACTIVE_COMPILATION_CONDITIONS = DEBUG;
				SWIFT_OPTIMIZATION_LEVEL = "-Onone";
			};
			name = Debug;
		};
		49DF9ED02371DF550067E33C /* Release */ = {
			isa = XCBuildConfiguration;
			buildSettings = {
				ALWAYS_SEARCH_USER_PATHS = NO;
				CLANG_ANALYZER_NONNULL = YES;
				CLANG_ANALYZER_NUMBER_OBJECT_CONVERSION = YES_AGGRESSIVE;
				CLANG_CXX_LANGUAGE_STANDARD = "gnu++14";
				CLANG_CXX_LIBRARY = "libc++";
				CLANG_ENABLE_MODULES = YES;
				CLANG_ENABLE_OBJC_ARC = YES;
				CLANG_ENABLE_OBJC_WEAK = YES;
				CLANG_WARN_BLOCK_CAPTURE_AUTORELEASING = YES;
				CLANG_WARN_BOOL_CONVERSION = YES;
				CLANG_WARN_COMMA = YES;
				CLANG_WARN_CONSTANT_CONVERSION = YES;
				CLANG_WARN_DEPRECATED_OBJC_IMPLEMENTATIONS = YES;
				CLANG_WARN_DIRECT_OBJC_ISA_USAGE = YES_ERROR;
				CLANG_WARN_DOCUMENTATION_COMMENTS = YES;
				CLANG_WARN_EMPTY_BODY = YES;
				CLANG_WARN_ENUM_CONVERSION = YES;
				CLANG_WARN_INFINITE_RECURSION = YES;
				CLANG_WARN_INT_CONVERSION = YES;
				CLANG_WARN_NON_LITERAL_NULL_CONVERSION = YES;
				CLANG_WARN_OBJC_IMPLICIT_RETAIN_SELF = YES;
				CLANG_WARN_OBJC_LITERAL_CONVERSION = YES;
				CLANG_WARN_OBJC_ROOT_CLASS = YES_ERROR;
				CLANG_WARN_RANGE_LOOP_ANALYSIS = YES;
				CLANG_WARN_STRICT_PROTOTYPES = YES;
				CLANG_WARN_SUSPICIOUS_MOVE = YES;
				CLANG_WARN_UNGUARDED_AVAILABILITY = YES_AGGRESSIVE;
				CLANG_WARN_UNREACHABLE_CODE = YES;
				CLANG_WARN__DUPLICATE_METHOD_MATCH = YES;
				COPY_PHASE_STRIP = NO;
				DEBUG_INFORMATION_FORMAT = "dwarf-with-dsym";
				ENABLE_NS_ASSERTIONS = NO;
				ENABLE_STRICT_OBJC_MSGSEND = YES;
				GCC_C_LANGUAGE_STANDARD = gnu11;
				GCC_NO_COMMON_BLOCKS = YES;
				GCC_WARN_64_TO_32_BIT_CONVERSION = YES;
				GCC_WARN_ABOUT_RETURN_TYPE = YES_ERROR;
				GCC_WARN_UNDECLARED_SELECTOR = YES;
				GCC_WARN_UNINITIALIZED_AUTOS = YES_AGGRESSIVE;
				GCC_WARN_UNUSED_FUNCTION = YES;
				GCC_WARN_UNUSED_VARIABLE = YES;
				IPHONEOS_DEPLOYMENT_TARGET = 13.1;
				MTL_ENABLE_DEBUG_INFO = NO;
				MTL_FAST_MATH = YES;
				SDKROOT = iphoneos;
				SWIFT_COMPILATION_MODE = wholemodule;
				SWIFT_OPTIMIZATION_LEVEL = "-O";
				VALIDATE_PRODUCT = YES;
			};
			name = Release;
		};
		49DF9ED22371DF550067E33C /* Debug */ = {
			isa = XCBuildConfiguration;
			buildSettings = {
				ASSETCATALOG_COMPILER_APPICON_NAME = AppIcon;
				CODE_SIGN_STYLE = Automatic;
				DEVELOPMENT_TEAM = 8FZ2C7K9LV;
				INFOPLIST_FILE = "Millionaire-Quiz/Info.plist";
				LD_RUNPATH_SEARCH_PATHS = (
					"$(inherited)",
					"@executable_path/Frameworks",
				);
				PRODUCT_BUNDLE_IDENTIFIER = "ZHUKOV.Millionaire-Quiz";
				PRODUCT_NAME = "$(TARGET_NAME)";
				SWIFT_VERSION = 5.0;
				TARGETED_DEVICE_FAMILY = "1,2";
			};
			name = Debug;
		};
		49DF9ED32371DF550067E33C /* Release */ = {
			isa = XCBuildConfiguration;
			buildSettings = {
				ASSETCATALOG_COMPILER_APPICON_NAME = AppIcon;
				CODE_SIGN_STYLE = Automatic;
				DEVELOPMENT_TEAM = 8FZ2C7K9LV;
				INFOPLIST_FILE = "Millionaire-Quiz/Info.plist";
				LD_RUNPATH_SEARCH_PATHS = (
					"$(inherited)",
					"@executable_path/Frameworks",
				);
				PRODUCT_BUNDLE_IDENTIFIER = "ZHUKOV.Millionaire-Quiz";
				PRODUCT_NAME = "$(TARGET_NAME)";
				SWIFT_VERSION = 5.0;
				TARGETED_DEVICE_FAMILY = "1,2";
			};
			name = Release;
		};
/* End XCBuildConfiguration section */

/* Begin XCConfigurationList section */
		49DF9EB52371DF530067E33C /* Build configuration list for PBXProject "Millionaire-Quiz" */ = {
			isa = XCConfigurationList;
			buildConfigurations = (
				49DF9ECF2371DF550067E33C /* Debug */,
				49DF9ED02371DF550067E33C /* Release */,
			);
			defaultConfigurationIsVisible = 0;
			defaultConfigurationName = Release;
		};
		49DF9ED12371DF550067E33C /* Build configuration list for PBXNativeTarget "Millionaire-Quiz" */ = {
			isa = XCConfigurationList;
			buildConfigurations = (
				49DF9ED22371DF550067E33C /* Debug */,
				49DF9ED32371DF550067E33C /* Release */,
			);
			defaultConfigurationIsVisible = 0;
			defaultConfigurationName = Release;
		};
/* End XCConfigurationList section */

/* Begin XCVersionGroup section */
		49DF9EC62371DF530067E33C /* Millionaire_Quiz.xcdatamodeld */ = {
			isa = XCVersionGroup;
			children = (
				49DF9EC72371DF530067E33C /* Millionaire_Quiz.xcdatamodel */,
			);
			currentVersion = 49DF9EC72371DF530067E33C /* Millionaire_Quiz.xcdatamodel */;
			path = Millionaire_Quiz.xcdatamodeld;
			sourceTree = "<group>";
			versionGroupType = wrapper.xcdatamodel;
		};
/* End XCVersionGroup section */
	};
	rootObject = 49DF9EB22371DF530067E33C /* Project object */;
}
